
Microsoft Visual Studio Solution File, Format Version 12.00
# Visual Studio Version 17
VisualStudioVersion = 17.2.32519.379
MinimumVisualStudioVersion = 10.0.40219.1
Project("{8BC9CEB8-8B4A-11D0-8D11-00A0C91BC942}") = "BasicCpp", "BasicCpp.vcxproj", "{53509FA4-59A0-4F4B-AF7E-8E3D87C9559C}"
EndProject
Project("{2150E333-8FDC-42A3-9474-1A3956D46DE8}") = "ch08", "ch08", "{C2B59227-0B3E-41A9-8D23-4E43CD397E98}"
EndProject
Project("{2150E333-8FDC-42A3-9474-1A3956D46DE8}") = "08.08", "08.08", "{717F2B02-3ACD-46EA-8660-BC5ACC535355}"
EndProject
Project("{2150E333-8FDC-42A3-9474-1A3956D46DE8}") = "_test", "_test", "{D5A913CB-83D8-49B8-99A2-84C1AB99BD7F}"
EndProject
Project("{8BC9CEB8-8B4A-11D0-8D11-00A0C91BC942}") = "filefunc", "..\filefunc\filefunc.vcxproj", "{840A5B50-4111-4E78-90F8-D51741F7D674}"
EndProject
Project("{2150E333-8FDC-42A3-9474-1A3956D46DE8}") = "08.10", "08.10", "{FCFBEF2C-6A39-494A-9845-2DE1713E141B}"
EndProject
Project("{8BC9CEB8-8B4A-11D0-8D11-00A0C91BC942}") = "leftover", "..\leftover\leftover.vcxproj", "{7F3017FB-9ABC-4D2A-82B8-1240C7D2C61A}"
EndProject
Project("{2150E333-8FDC-42A3-9474-1A3956D46DE8}") = "08.12", "08.12", "{62211DCB-D8C2-4698-AF46-F1AC96C0F31E}"
EndProject
Project("{8BC9CEB8-8B4A-11D0-8D11-00A0C91BC942}") = "twotemps", "..\twotemps\twotemps.vcxproj", "{D53C9132-D322-48F6-9DBB-62D56F6A8C3F}"
EndProject
Project("{2150E333-8FDC-42A3-9474-1A3956D46DE8}") = "ch10", "ch10", "{313B7193-3E17-45D3-8179-E1E36FEAA187}"
EndProject
Project("{8BC9CEB8-8B4A-11D0-8D11-00A0C91BC942}") = "stock10", "..\stock10\stock10.vcxproj", "{66A54256-0D9C-4323-B9FD-DE3D7F1ECB01}"
EndProject
Project("{2150E333-8FDC-42A3-9474-1A3956D46DE8}") = "10.04", "10.04", "{5ECCB47E-73EC-4C4E-86F5-C69324F5544A}"
EndProject
Project("{2150E333-8FDC-42A3-9474-1A3956D46DE8}") = "10.07", "10.07", "{DCC2B994-4884-46EA-BF42-B9EDFE8F1A57}"
EndProject
Project("{8BC9CEB8-8B4A-11D0-8D11-00A0C91BC942}") = "stock20", "..\stock20\stock20.vcxproj", "{27DFC505-6AAC-493A-935F-EA5F2450889B}"
EndProject
Project("{2150E333-8FDC-42A3-9474-1A3956D46DE8}") = "10.10", "10.10", "{4E514248-6133-4DA3-A441-3D530DC93D5C}"
EndProject
Project("{8BC9CEB8-8B4A-11D0-8D11-00A0C91BC942}") = "stack", "..\stack\stack.vcxproj", "{28CFD954-262F-4401-BB7D-E1F99A204923}"
EndProject
Project("{2150E333-8FDC-42A3-9474-1A3956D46DE8}") = "ch11", "ch11", "{314416F2-4D00-4D58-B293-772479FD0FF8}"
EndProject
Project("{2150E333-8FDC-42A3-9474-1A3956D46DE8}") = "11.10", "11.10", "{E1149E0A-6E73-48F6-ACBD-60C1B7F81CDD}"
EndProject
Project("{8BC9CEB8-8B4A-11D0-8D11-00A0C91BC942}") = "mytime3", "..\mytime3\mytime3.vcxproj", "{B449966E-7149-4B4F-8DA0-554B5FE9FD30}"
EndProject
Project("{2150E333-8FDC-42A3-9474-1A3956D46DE8}") = "ch12", "ch12", "{37D47F49-0DA4-402C-9233-296D74467BD9}"
EndProject
Project("{2150E333-8FDC-42A3-9474-1A3956D46DE8}") = "ch13", "ch13", "{9B119486-9CAB-46E2-879A-2B91A55D635B}"
EndProject
Project("{2150E333-8FDC-42A3-9474-1A3956D46DE8}") = "13.07", "13.07", "{1FFB6E15-90D9-4BE1-AE23-4B65BBC8D2D8}"
EndProject
Project("{8BC9CEB8-8B4A-11D0-8D11-00A0C91BC942}") = "brass", "..\brass\brass.vcxproj", "{247D4C18-448D-47E5-B30C-F6D48B470ADC}"
EndProject
Global
	GlobalSection(SolutionConfigurationPlatforms) = preSolution
		Debug|x64 = Debug|x64
		Debug|x86 = Debug|x86
		Release|x64 = Release|x64
		Release|x86 = Release|x86
	EndGlobalSection
	GlobalSection(ProjectConfigurationPlatforms) = postSolution
		{53509FA4-59A0-4F4B-AF7E-8E3D87C9559C}.Debug|x64.ActiveCfg = Debug|x64
		{53509FA4-59A0-4F4B-AF7E-8E3D87C9559C}.Debug|x64.Build.0 = Debug|x64
		{53509FA4-59A0-4F4B-AF7E-8E3D87C9559C}.Debug|x86.ActiveCfg = Debug|Win32
		{53509FA4-59A0-4F4B-AF7E-8E3D87C9559C}.Debug|x86.Build.0 = Debug|Win32
		{53509FA4-59A0-4F4B-AF7E-8E3D87C9559C}.Release|x64.ActiveCfg = Release|x64
		{53509FA4-59A0-4F4B-AF7E-8E3D87C9559C}.Release|x64.Build.0 = Release|x64
		{53509FA4-59A0-4F4B-AF7E-8E3D87C9559C}.Release|x86.ActiveCfg = Release|Win32
		{53509FA4-59A0-4F4B-AF7E-8E3D87C9559C}.Release|x86.Build.0 = Release|Win32
		{840A5B50-4111-4E78-90F8-D51741F7D674}.Debug|x64.ActiveCfg = Debug|x64
		{840A5B50-4111-4E78-90F8-D51741F7D674}.Debug|x64.Build.0 = Debug|x64
		{840A5B50-4111-4E78-90F8-D51741F7D674}.Debug|x86.ActiveCfg = Debug|Win32
		{840A5B50-4111-4E78-90F8-D51741F7D674}.Debug|x86.Build.0 = Debug|Win32
		{840A5B50-4111-4E78-90F8-D51741F7D674}.Release|x64.ActiveCfg = Release|x64
		{840A5B50-4111-4E78-90F8-D51741F7D674}.Release|x64.Build.0 = Release|x64
		{840A5B50-4111-4E78-90F8-D51741F7D674}.Release|x86.ActiveCfg = Release|Win32
		{840A5B50-4111-4E78-90F8-D51741F7D674}.Release|x86.Build.0 = Release|Win32
		{7F3017FB-9ABC-4D2A-82B8-1240C7D2C61A}.Debug|x64.ActiveCfg = Debug|x64
		{7F3017FB-9ABC-4D2A-82B8-1240C7D2C61A}.Debug|x64.Build.0 = Debug|x64
		{7F3017FB-9ABC-4D2A-82B8-1240C7D2C61A}.Debug|x86.ActiveCfg = Debug|Win32
		{7F3017FB-9ABC-4D2A-82B8-1240C7D2C61A}.Debug|x86.Build.0 = Debug|Win32
		{7F3017FB-9ABC-4D2A-82B8-1240C7D2C61A}.Release|x64.ActiveCfg = Release|x64
		{7F3017FB-9ABC-4D2A-82B8-1240C7D2C61A}.Release|x64.Build.0 = Release|x64
		{7F3017FB-9ABC-4D2A-82B8-1240C7D2C61A}.Release|x86.ActiveCfg = Release|Win32
		{7F3017FB-9ABC-4D2A-82B8-1240C7D2C61A}.Release|x86.Build.0 = Release|Win32
		{D53C9132-D322-48F6-9DBB-62D56F6A8C3F}.Debug|x64.ActiveCfg = Debug|x64
		{D53C9132-D322-48F6-9DBB-62D56F6A8C3F}.Debug|x64.Build.0 = Debug|x64
		{D53C9132-D322-48F6-9DBB-62D56F6A8C3F}.Debug|x86.ActiveCfg = Debug|Win32
		{D53C9132-D322-48F6-9DBB-62D56F6A8C3F}.Debug|x86.Build.0 = Debug|Win32
		{D53C9132-D322-48F6-9DBB-62D56F6A8C3F}.Release|x64.ActiveCfg = Release|x64
		{D53C9132-D322-48F6-9DBB-62D56F6A8C3F}.Release|x64.Build.0 = Release|x64
		{D53C9132-D322-48F6-9DBB-62D56F6A8C3F}.Release|x86.ActiveCfg = Release|Win32
		{D53C9132-D322-48F6-9DBB-62D56F6A8C3F}.Release|x86.Build.0 = Release|Win32
		{66A54256-0D9C-4323-B9FD-DE3D7F1ECB01}.Debug|x64.ActiveCfg = Debug|x64
		{66A54256-0D9C-4323-B9FD-DE3D7F1ECB01}.Debug|x64.Build.0 = Debug|x64
		{66A54256-0D9C-4323-B9FD-DE3D7F1ECB01}.Debug|x86.ActiveCfg = Debug|Win32
		{66A54256-0D9C-4323-B9FD-DE3D7F1ECB01}.Debug|x86.Build.0 = Debug|Win32
		{66A54256-0D9C-4323-B9FD-DE3D7F1ECB01}.Release|x64.ActiveCfg = Release|x64
		{66A54256-0D9C-4323-B9FD-DE3D7F1ECB01}.Release|x64.Build.0 = Release|x64
		{66A54256-0D9C-4323-B9FD-DE3D7F1ECB01}.Release|x86.ActiveCfg = Release|Win32
		{66A54256-0D9C-4323-B9FD-DE3D7F1ECB01}.Release|x86.Build.0 = Release|Win32
		{27DFC505-6AAC-493A-935F-EA5F2450889B}.Debug|x64.ActiveCfg = Debug|x64
		{27DFC505-6AAC-493A-935F-EA5F2450889B}.Debug|x64.Build.0 = Debug|x64
		{27DFC505-6AAC-493A-935F-EA5F2450889B}.Debug|x86.ActiveCfg = Debug|Win32
		{27DFC505-6AAC-493A-935F-EA5F2450889B}.Debug|x86.Build.0 = Debug|Win32
		{27DFC505-6AAC-493A-935F-EA5F2450889B}.Release|x64.ActiveCfg = Release|x64
		{27DFC505-6AAC-493A-935F-EA5F2450889B}.Release|x64.Build.0 = Release|x64
		{27DFC505-6AAC-493A-935F-EA5F2450889B}.Release|x86.ActiveCfg = Release|Win32
		{27DFC505-6AAC-493A-935F-EA5F2450889B}.Release|x86.Build.0 = Release|Win32
		{28CFD954-262F-4401-BB7D-E1F99A204923}.Debug|x64.ActiveCfg = Debug|x64
		{28CFD954-262F-4401-BB7D-E1F99A204923}.Debug|x64.Build.0 = Debug|x64
		{28CFD954-262F-4401-BB7D-E1F99A204923}.Debug|x86.ActiveCfg = Debug|Win32
		{28CFD954-262F-4401-BB7D-E1F99A204923}.Debug|x86.Build.0 = Debug|Win32
		{28CFD954-262F-4401-BB7D-E1F99A204923}.Release|x64.ActiveCfg = Release|x64
		{28CFD954-262F-4401-BB7D-E1F99A204923}.Release|x64.Build.0 = Release|x64
		{28CFD954-262F-4401-BB7D-E1F99A204923}.Release|x86.ActiveCfg = Release|Win32
		{28CFD954-262F-4401-BB7D-E1F99A204923}.Release|x86.Build.0 = Release|Win32
		{B449966E-7149-4B4F-8DA0-554B5FE9FD30}.Debug|x64.ActiveCfg = Debug|x64
		{B449966E-7149-4B4F-8DA0-554B5FE9FD30}.Debug|x64.Build.0 = Debug|x64
		{B449966E-7149-4B4F-8DA0-554B5FE9FD30}.Debug|x86.ActiveCfg = Debug|Win32
		{B449966E-7149-4B4F-8DA0-554B5FE9FD30}.Debug|x86.Build.0 = Debug|Win32
		{B449966E-7149-4B4F-8DA0-554B5FE9FD30}.Release|x64.ActiveCfg = Release|x64
		{B449966E-7149-4B4F-8DA0-554B5FE9FD30}.Release|x64.Build.0 = Release|x64
		{B449966E-7149-4B4F-8DA0-554B5FE9FD30}.Release|x86.ActiveCfg = Release|Win32
		{B449966E-7149-4B4F-8DA0-554B5FE9FD30}.Release|x86.Build.0 = Release|Win32
		{247D4C18-448D-47E5-B30C-F6D48B470ADC}.Debug|x64.ActiveCfg = Debug|x64
		{247D4C18-448D-47E5-B30C-F6D48B470ADC}.Debug|x64.Build.0 = Debug|x64
		{247D4C18-448D-47E5-B30C-F6D48B470ADC}.Debug|x86.ActiveCfg = Debug|Win32
		{247D4C18-448D-47E5-B30C-F6D48B470ADC}.Debug|x86.Build.0 = Debug|Win32
		{247D4C18-448D-47E5-B30C-F6D48B470ADC}.Release|x64.ActiveCfg = Release|x64
		{247D4C18-448D-47E5-B30C-F6D48B470ADC}.Release|x64.Build.0 = Release|x64
		{247D4C18-448D-47E5-B30C-F6D48B470ADC}.Release|x86.ActiveCfg = Release|Win32
		{247D4C18-448D-47E5-B30C-F6D48B470ADC}.Release|x86.Build.0 = Release|Win32
	EndGlobalSection
	GlobalSection(SolutionProperties) = preSolution
		HideSolutionNode = FALSE
	EndGlobalSection
	GlobalSection(NestedProjects) = preSolution
		{53509FA4-59A0-4F4B-AF7E-8E3D87C9559C} = {D5A913CB-83D8-49B8-99A2-84C1AB99BD7F}
		{717F2B02-3ACD-46EA-8660-BC5ACC535355} = {C2B59227-0B3E-41A9-8D23-4E43CD397E98}
		{840A5B50-4111-4E78-90F8-D51741F7D674} = {717F2B02-3ACD-46EA-8660-BC5ACC535355}
		{FCFBEF2C-6A39-494A-9845-2DE1713E141B} = {C2B59227-0B3E-41A9-8D23-4E43CD397E98}
		{7F3017FB-9ABC-4D2A-82B8-1240C7D2C61A} = {FCFBEF2C-6A39-494A-9845-2DE1713E141B}
		{62211DCB-D8C2-4698-AF46-F1AC96C0F31E} = {C2B59227-0B3E-41A9-8D23-4E43CD397E98}
		{D53C9132-D322-48F6-9DBB-62D56F6A8C3F} = {62211DCB-D8C2-4698-AF46-F1AC96C0F31E}
		{66A54256-0D9C-4323-B9FD-DE3D7F1ECB01} = {5ECCB47E-73EC-4C4E-86F5-C69324F5544A}
		{5ECCB47E-73EC-4C4E-86F5-C69324F5544A} = {313B7193-3E17-45D3-8179-E1E36FEAA187}
		{DCC2B994-4884-46EA-BF42-B9EDFE8F1A57} = {313B7193-3E17-45D3-8179-E1E36FEAA187}
		{27DFC505-6AAC-493A-935F-EA5F2450889B} = {DCC2B994-4884-46EA-BF42-B9EDFE8F1A57}
		{4E514248-6133-4DA3-A441-3D530DC93D5C} = {313B7193-3E17-45D3-8179-E1E36FEAA187}
		{28CFD954-262F-4401-BB7D-E1F99A204923} = {4E514248-6133-4DA3-A441-3D530DC93D5C}
		{E1149E0A-6E73-48F6-ACBD-60C1B7F81CDD} = {314416F2-4D00-4D58-B293-772479FD0FF8}
		{B449966E-7149-4B4F-8DA0-554B5FE9FD30} = {E1149E0A-6E73-48F6-ACBD-60C1B7F81CDD}
		{1FFB6E15-90D9-4BE1-AE23-4B65BBC8D2D8} = {9B119486-9CAB-46E2-879A-2B91A55D635B}
		{247D4C18-448D-47E5-B30C-F6D48B470ADC} = {1FFB6E15-90D9-4BE1-AE23-4B65BBC8D2D8}
	EndGlobalSection
	GlobalSection(ExtensibilityGlobals) = postSolution
		SolutionGuid = {23466313-91B2-4FCA-99AF-4752DA2223A4}
	EndGlobalSection
EndGlobal
